{
    "_readme": [
        "This file locks the dependencies of your project to a known state",
        "Read more about it at https://getcomposer.org/doc/01-basic-usage.md#composer-lock-the-lock-file",
        "This file is @generated automatically"
    ],
    "hash": "1ff97f904528caa22b8f2b750b4fb7f4",
    "content-hash": "74f0607be25dc69d7cda64c02dca15a2",
    "packages": [
        {
            "name": "doctrine/inflector",
            "version": "v1.1.0",
            "source": {
                "type": "git",
                "url": "https://github.com/doctrine/inflector.git",
                "reference": "90b2128806bfde671b6952ab8bea493942c1fdae"
            },
            "dist": {
                "type": "zip",
                "url": "https://api.github.com/repos/doctrine/inflector/zipball/90b2128806bfde671b6952ab8bea493942c1fdae",
                "reference": "90b2128806bfde671b6952ab8bea493942c1fdae",
                "shasum": ""
            },
            "require": {
                "php": ">=5.3.2"
            },
            "require-dev": {
                "phpunit/phpunit": "4.*"
            },
            "type": "library",
            "extra": {
                "branch-alias": {
                    "dev-master": "1.1.x-dev"
                }
            },
            "autoload": {
                "psr-0": {
                    "Doctrine\\Common\\Inflector\\": "lib/"
                }
            },
            "notification-url": "https://packagist.org/downloads/",
            "license": [
                "MIT"
            ],
            "authors": [
                {
                    "name": "Roman Borschel",
                    "email": "roman@code-factory.org"
                },
                {
                    "name": "Benjamin Eberlei",
                    "email": "kontakt@beberlei.de"
                },
                {
                    "name": "Guilherme Blanco",
                    "email": "guilhermeblanco@gmail.com"
                },
                {
                    "name": "Jonathan Wage",
                    "email": "jonwage@gmail.com"
                },
                {
                    "name": "Johannes Schmitt",
                    "email": "schmittjoh@gmail.com"
                }
            ],
            "description": "Common String Manipulations with regard to casing and singular/plural rules.",
            "homepage": "http://www.doctrine-project.org",
            "keywords": [
                "inflection",
                "pluralize",
                "singularize",
                "string"
            ],
            "time": "2015-11-06 14:35:42"
        },
        {
            "name": "getkirby/kirby",
            "version": "2.2.3",
            "source": {
                "type": "git",
                "url": "https://github.com/getkirby/kirby.git",
                "reference": "2.2.3"
            },
            "type": "library"
        },
        {
            "name": "getkirby/panel",
            "version": "2.2.3",
            "source": {
                "type": "git",
                "url": "https://github.com/getkirby/panel.git",
                "reference": "2.2.3"
            },
            "type": "library"
        },
        {
            "name": "getkirby/toolkit",
            "version": "2.2.3",
            "source": {
                "type": "git",
                "url": "https://github.com/getkirby/toolkit.git",
                "reference": "2.2.3"
            },
            "type": "library"
        },
        {
            "name": "illuminate/container",
            "version": "v5.2.0",
            "source": {
                "type": "git",
                "url": "https://github.com/illuminate/container.git",
                "reference": "64c728a58f35c71cbcafe3ef17eb8057965d3dbc"
            },
            "dist": {
                "type": "zip",
                "url": "https://api.github.com/repos/illuminate/container/zipball/64c728a58f35c71cbcafe3ef17eb8057965d3dbc",
                "reference": "64c728a58f35c71cbcafe3ef17eb8057965d3dbc",
                "shasum": ""
            },
            "require": {
                "illuminate/contracts": "5.2.*",
                "php": ">=5.5.9"
            },
            "type": "library",
            "extra": {
                "branch-alias": {
                    "dev-master": "5.2-dev"
                }
            },
            "autoload": {
                "psr-4": {
                    "Illuminate\\Container\\": ""
                }
            },
            "notification-url": "https://packagist.org/downloads/",
            "license": [
                "MIT"
            ],
            "authors": [
                {
                    "name": "Taylor Otwell",
                    "email": "taylorotwell@gmail.com"
                }
            ],
            "description": "The Illuminate Container package.",
            "homepage": "http://laravel.com",
            "time": "2015-12-17 20:45:15"
        },
        {
            "name": "illuminate/contracts",
            "version": "v5.2.0",
            "source": {
                "type": "git",
                "url": "https://github.com/illuminate/contracts.git",
                "reference": "51b3acf96a12f5a10d767d5f2a534fed6f304235"
            },
            "dist": {
                "type": "zip",
                "url": "https://api.github.com/repos/illuminate/contracts/zipball/51b3acf96a12f5a10d767d5f2a534fed6f304235",
                "reference": "51b3acf96a12f5a10d767d5f2a534fed6f304235",
                "shasum": ""
            },
            "require": {
                "php": ">=5.5.9"
            },
            "type": "library",
            "extra": {
                "branch-alias": {
                    "dev-master": "5.2-dev"
                }
            },
            "autoload": {
                "psr-4": {
                    "Illuminate\\Contracts\\": ""
                }
            },
            "notification-url": "https://packagist.org/downloads/",
            "license": [
                "MIT"
            ],
            "authors": [
                {
                    "name": "Taylor Otwell",
                    "email": "taylorotwell@gmail.com"
                }
            ],
            "description": "The Illuminate Contracts package.",
            "homepage": "http://laravel.com",
            "time": "2015-12-19 14:25:38"
        },
        {
            "name": "illuminate/events",
            "version": "v5.2.0",
            "source": {
                "type": "git",
                "url": "https://github.com/illuminate/events.git",
                "reference": "189f1915846101ecb93a9b2fc2dadb1e8c7d1b42"
            },
            "dist": {
                "type": "zip",
                "url": "https://api.github.com/repos/illuminate/events/zipball/189f1915846101ecb93a9b2fc2dadb1e8c7d1b42",
                "reference": "189f1915846101ecb93a9b2fc2dadb1e8c7d1b42",
                "shasum": ""
            },
            "require": {
                "illuminate/container": "5.2.*",
                "illuminate/contracts": "5.2.*",
                "illuminate/support": "5.2.*",
                "php": ">=5.5.9"
            },
            "type": "library",
            "extra": {
                "branch-alias": {
                    "dev-master": "5.2-dev"
                }
            },
            "autoload": {
                "psr-4": {
                    "Illuminate\\Events\\": ""
                }
            },
            "notification-url": "https://packagist.org/downloads/",
            "license": [
                "MIT"
            ],
            "authors": [
                {
                    "name": "Taylor Otwell",
                    "email": "taylorotwell@gmail.com"
                }
            ],
            "description": "The Illuminate Events package.",
            "homepage": "http://laravel.com",
            "time": "2015-11-30 19:26:21"
        },
        {
            "name": "illuminate/filesystem",
            "version": "v5.2.0",
            "source": {
                "type": "git",
                "url": "https://github.com/illuminate/filesystem.git",
                "reference": "693789f11c22b96180dce3a20e6b7c4842299400"
            },
            "dist": {
                "type": "zip",
                "url": "https://api.github.com/repos/illuminate/filesystem/zipball/693789f11c22b96180dce3a20e6b7c4842299400",
                "reference": "693789f11c22b96180dce3a20e6b7c4842299400",
                "shasum": ""
            },
            "require": {
                "illuminate/contracts": "5.2.*",
                "illuminate/support": "5.2.*",
                "php": ">=5.5.9",
                "symfony/finder": "2.8.*|3.0.*"
            },
            "suggest": {
                "league/flysystem": "Required to use the Flysystem local and FTP drivers (~1.0).",
                "league/flysystem-aws-s3-v3": "Required to use the Flysystem S3 driver (~1.0).",
                "league/flysystem-rackspace": "Required to use the Flysystem Rackspace driver (~1.0)."
            },
            "type": "library",
            "extra": {
                "branch-alias": {
                    "dev-master": "5.2-dev"
                }
            },
            "autoload": {
                "psr-4": {
                    "Illuminate\\Filesystem\\": ""
                }
            },
            "notification-url": "https://packagist.org/downloads/",
            "license": [
                "MIT"
            ],
            "authors": [
                {
                    "name": "Taylor Otwell",
                    "email": "taylorotwell@gmail.com"
                }
            ],
            "description": "The Illuminate Filesystem package.",
            "homepage": "http://laravel.com",
            "time": "2015-12-20 15:49:15"
        },
        {
            "name": "illuminate/support",
            "version": "v5.2.0",
            "source": {
                "type": "git",
                "url": "https://github.com/illuminate/support.git",
                "reference": "0b25fb20b0c75392b0b3848fe067275c51235e37"
            },
            "dist": {
                "type": "zip",
                "url": "https://api.github.com/repos/illuminate/support/zipball/0b25fb20b0c75392b0b3848fe067275c51235e37",
                "reference": "0b25fb20b0c75392b0b3848fe067275c51235e37",
                "shasum": ""
            },
            "require": {
                "doctrine/inflector": "~1.0",
                "ext-mbstring": "*",
                "illuminate/contracts": "5.2.*",
                "php": ">=5.5.9"
            },
            "suggest": {
                "illuminate/filesystem": "Required to use the composer class (5.2.*).",
                "jeremeamia/superclosure": "Required to be able to serialize closures (~2.2).",
                "paragonie/random_compat": "Provides a compatible interface like PHP7's random_bytes() in PHP 5 projects (~1.1).",
                "symfony/polyfill-php56": "Required to use the hash_equals function on PHP 5.5 (~1.0).",
                "symfony/process": "Required to use the composer class (2.8.*|3.0.*).",
                "symfony/var-dumper": "Improves the dd function (2.8.*|3.0.*)."
            },
            "type": "library",
            "extra": {
                "branch-alias": {
                    "dev-master": "5.2-dev"
                }
            },
            "autoload": {
                "psr-4": {
                    "Illuminate\\Support\\": ""
                },
                "files": [
                    "helpers.php"
                ]
            },
            "notification-url": "https://packagist.org/downloads/",
            "license": [
                "MIT"
            ],
            "authors": [
                {
                    "name": "Taylor Otwell",
                    "email": "taylorotwell@gmail.com"
                }
            ],
            "description": "The Illuminate Support package.",
            "homepage": "http://laravel.com",
            "time": "2015-12-07 16:09:55"
        },
        {
            "name": "illuminate/view",
            "version": "v5.2.0",
            "source": {
                "type": "git",
                "url": "https://github.com/illuminate/view.git",
                "reference": "a52d527ecbf26fe6ed8c441f6167ed75f6b39d95"
            },
            "dist": {
                "type": "zip",
                "url": "https://api.github.com/repos/illuminate/view/zipball/a52d527ecbf26fe6ed8c441f6167ed75f6b39d95",
                "reference": "a52d527ecbf26fe6ed8c441f6167ed75f6b39d95",
                "shasum": ""
            },
            "require": {
                "illuminate/container": "5.2.*",
                "illuminate/contracts": "5.2.*",
                "illuminate/events": "5.2.*",
                "illuminate/filesystem": "5.2.*",
                "illuminate/support": "5.2.*",
                "php": ">=5.5.9"
            },
            "type": "library",
            "extra": {
                "branch-alias": {
                    "dev-master": "5.2-dev"
                }
            },
            "autoload": {
                "psr-4": {
                    "Illuminate\\View\\": ""
                }
            },
            "notification-url": "https://packagist.org/downloads/",
            "license": [
                "MIT"
            ],
            "authors": [
                {
                    "name": "Taylor Otwell",
                    "email": "taylorotwell@gmail.com"
                }
            ],
            "description": "The Illuminate View package.",
            "homepage": "http://laravel.com",
            "time": "2015-12-08 16:38:14"
        },
        {
            "name": "jevets/kirby-flash",
            "version": "dev-master",
            "source": {
                "type": "git",
                "url": "https://github.com/jevets/kirby-flash.git",
                "reference": "408fce54ccb2ce92420c6d96fcdddd78addc61b0"
            },
            "type": "library",
            "autoload": {
                "psr-4": {
                    "Jevets\\Kirby\\": "src/"
                },
                "files": [
                    "src/helpers.php"
                ]
            },
            "authors": [
                {
                    "name": "Steve Jamesson",
                    "email": "steve@evendev.com"
                }
            ],
            "description": "Stores data in the session for the next request. Data is removed after the next page load.",
            "keywords": [
                "flash",
                "kirby",
                "session"
            ],
            "time": "2015-12-14 18:09:49"
        },
        {
            "name": "jevets/kirby-form",
            "version": "dev-master",
            "source": {
                "type": "git",
                "url": "https://github.com/jevets/kirby-form.git",
                "reference": "29293a58a7a4db022ec9ff8e69e1765fb1938b48"
            },
            "require": {
                "jevets/kirby-flash": "dev-master"
            },
            "type": "library",
            "autoload": {
                "psr-4": {
                    "Jevets\\Kirby\\": "src/"
                },
                "files": [
                    "src/helpers.php"
                ]
            },
            "authors": [
                {
                    "name": "Steve Jamesson",
                    "email": "steve@evendev.com"
                }
            ],
            "description": "A form helper for Kirby-based websites, using the GET/POST/GET pattern.",
            "keywords": [
                "form",
                "kirby"
            ],
            "time": "2015-12-23 13:53:49"
        },
        {
            "name": "jevets/kirby-phpdotenv",
            "version": "dev-master",
            "source": {
                "type": "git",
                "url": "https://github.com/jevets/kirby-phpdotenv.git",
                "reference": "df725b2728c0faf2f2d3648babab4116fd1397e8"
            },
            "dist": {
                "type": "zip",
                "url": "https://api.github.com/repos/jevets/kirby-phpdotenv/zipball/df725b2728c0faf2f2d3648babab4116fd1397e8",
                "reference": "df725b2728c0faf2f2d3648babab4116fd1397e8",
                "shasum": ""
            },
            "require": {
                "php": ">=5.3.0",
                "vlucas/phpdotenv": "~2.0"
            },
            "type": "library",
            "autoload": {
                "psr-4": {
                    "Jevets\\Kirby\\Dotenv\\": "src/"
                },
                "files": [
                    "src/helpers.php"
                ]
            },
            "notification-url": "https://packagist.org/downloads/",
            "license": [
                "BSD"
            ],
            "authors": [
                {
                    "name": "Steve Jamesson",
                    "email": "steve@evendev.com"
                }
            ],
            "description": "PHPDotenv for Kirby CMS",
            "homepage": "https://github.com/jevets/kirby-phpdotenv",
            "keywords": [
                "dotenv",
                "environment",
                "kirby"
            ],
            "time": "2015-12-23 19:54:24"
        },
        {
            "name": "kirbycasts/kirby-view",
            "version": "dev-master",
            "source": {
                "type": "git",
                "url": "https://github.com/jevets/kirby-view.git",
                "reference": "034b9e2bb0935d2693805e2284effb4276407024"
            },
            "type": "library",
            "autoload": {
                "psr-4": {
                    "KirbyCasts\\Kirby\\View\\": "src/"
                }
            },
            "authors": [
                {
                    "name": "Steve Jamesson",
                    "email": "steve@evendev.com"
                }
            ],
            "time": "2015-12-15 20:13:15"
        },
        {
            "name": "kirbycasts/kirby-view-blade",
            "version": "dev-master",
            "source": {
                "type": "git",
                "url": "https://github.com/jevets/kirby-view-blade.git",
                "reference": "377df95942455fbf19ba1320021a0e918202c05b"
            },
            "require": {
                "kirbycasts/kirby-view": "dev-master",
                "philo/laravel-blade": "^3.1"
            },
            "type": "library",
            "autoload": {
                "psr-4": {
                    "KirbyCasts\\Kirby\\Blade\\": "src/"
                }
            },
            "authors": [
                {
                    "name": "Steve Jamesson",
                    "email": "steve@evendev.com"
                }
            ],
            "time": "2015-12-19 00:48:21"
        },
        {
            "name": "lekkerduidelijk/kirby-geolocation-field",
            "version": "0.0.1",
            "source": {
                "type": "git",
                "url": "https://github.com/lekkerduidelijk/kirby-geolocation-field.git",
                "reference": "master"
            },
            "type": "library"
        },
        {
            "name": "mnsami/composer-custom-directory-installer",
            "version": "1.0.4",
            "source": {
                "type": "git",
                "url": "https://github.com/mnsami/composer-custom-directory-installer.git",
                "reference": "a6fce960f28052a8bd1f72c6db4f6da286d84995"
            },
            "dist": {
                "type": "zip",
                "url": "https://api.github.com/repos/mnsami/composer-custom-directory-installer/zipball/a6fce960f28052a8bd1f72c6db4f6da286d84995",
                "reference": "a6fce960f28052a8bd1f72c6db4f6da286d84995",
                "shasum": ""
            },
            "require": {
                "composer-plugin-api": "^1.0",
                "php": ">=5.3"
            },
            "type": "composer-plugin",
            "extra": {
                "class": [
                    "Composer\\CustomDirectoryInstaller\\LibraryPlugin",
                    "Composer\\CustomDirectoryInstaller\\PearPlugin"
                ],
                "branch-alias": {
                    "dev-master": "1.0.x-dev"
                }
            },
            "autoload": {
                "psr-0": {
                    "Composer\\CustomDirectoryInstaller": "src/"
                }
            },
            "notification-url": "https://packagist.org/downloads/",
            "license": [
                "MIT"
            ],
            "authors": [
                {
                    "name": "Mina Nabil Sami",
                    "email": "mina.nsami@gmail.com"
                }
            ],
            "description": "A composer plugin, to help install packages of different types in custom paths.",
            "keywords": [
                "composer",
                "composer-installer",
                "composer-plugin"
            ],
            "time": "2015-06-12 13:57:50"
        },
        {
            "name": "philo/laravel-blade",
            "version": "v3.1",
            "source": {
                "type": "git",
                "url": "https://github.com/PhiloNL/Laravel-Blade.git",
                "reference": "3f0ce2ee198604c53c25188110e6d7b5e887527a"
            },
            "dist": {
                "type": "zip",
                "url": "https://api.github.com/repos/PhiloNL/Laravel-Blade/zipball/3f0ce2ee198604c53c25188110e6d7b5e887527a",
                "reference": "3f0ce2ee198604c53c25188110e6d7b5e887527a",
                "shasum": ""
            },
            "require": {
                "illuminate/events": "~5",
                "illuminate/view": "~5"
            },
            "type": "library",
            "autoload": {
                "psr-4": {
                    "Philo\\Blade\\": "src"
                }
            },
            "notification-url": "https://packagist.org/downloads/",
            "license": [
                "MIT"
            ],
            "authors": [
                {
                    "name": "Philo Hermans",
                    "email": "me@philohermans.com"
                }
            ],
            "description": "Use the simple and yet powerful Laravel Blade templating engine as a standalone component.",
            "keywords": [
                "blade",
                "laravel"
            ],
            "time": "2015-12-04 09:42:42"
        },
        {
            "name": "symfony/finder",
            "version": "v3.0.1",
            "source": {
                "type": "git",
                "url": "https://github.com/symfony/finder.git",
                "reference": "8617895eb798b6bdb338321ce19453dc113e5675"
            },
            "dist": {
                "type": "zip",
                "url": "https://api.github.com/repos/symfony/finder/zipball/8617895eb798b6bdb338321ce19453dc113e5675",
                "reference": "8617895eb798b6bdb338321ce19453dc113e5675",
                "shasum": ""
            },
            "require": {
                "php": ">=5.5.9"
            },
            "type": "library",
            "extra": {
                "branch-alias": {
                    "dev-master": "3.0-dev"
                }
            },
            "autoload": {
                "psr-4": {
                    "Symfony\\Component\\Finder\\": ""
                },
                "exclude-from-classmap": [
                    "/Tests/"
                ]
            },
            "notification-url": "https://packagist.org/downloads/",
            "license": [
                "MIT"
            ],
            "authors": [
                {
                    "name": "Fabien Potencier",
                    "email": "fabien@symfony.com"
                },
                {
                    "name": "Symfony Community",
                    "homepage": "https://symfony.com/contributors"
                }
            ],
            "description": "Symfony Finder Component",
            "homepage": "https://symfony.com",
            "time": "2015-12-05 11:13:14"
        },
        {
            "name": "vlucas/phpdotenv",
            "version": "v2.1.0",
            "source": {
                "type": "git",
                "url": "https://github.com/vlucas/phpdotenv.git",
                "reference": "c10040e0df17d2ee88e9212b50cbe9319e878f59"
            },
            "dist": {
                "type": "zip",
                "url": "https://api.github.com/repos/vlucas/phpdotenv/zipball/c10040e0df17d2ee88e9212b50cbe9319e878f59",
                "reference": "c10040e0df17d2ee88e9212b50cbe9319e878f59",
                "shasum": ""
            },
            "require": {
                "php": ">=5.3.9"
            },
            "require-dev": {
                "phpunit/phpunit": "~4.0"
            },
            "type": "library",
            "extra": {
                "branch-alias": {
                    "dev-master": "2.1-dev"
                }
            },
            "autoload": {
                "psr-4": {
                    "Dotenv\\": "src/"
                }
            },
            "notification-url": "https://packagist.org/downloads/",
            "license": [
                "BSD"
            ],
            "authors": [
                {
                    "name": "Vance Lucas",
                    "email": "vance@vancelucas.com",
                    "homepage": "http://www.vancelucas.com"
                }
            ],
            "description": "Loads environment variables from `.env` to `getenv()`, `$_ENV` and `$_SERVER` automagically.",
            "homepage": "http://github.com/vlucas/phpdotenv",
            "keywords": [
                "dotenv",
                "env",
                "environment"
            ],
            "time": "2015-10-28 18:53:35"
        }
    ],
    "packages-dev": [],
    "aliases": [],
    "minimum-stability": "dev",
    "stability-flags": {
        "kirbycasts/kirby-view-blade": 20,
        "jevets/kirby-form": 20,
        "jevets/kirby-phpdotenv": 20
    },
    "prefer-stable": true,
    "prefer-lowest": false,
    "platform": {
        "php": ">= 5.4.0"
    },
    "platform-dev": []
}
